
Microsoft Visual Studio Solution File, Format Version 12.00
# Visual Studio Version 17
VisualStudioVersion = 17.1.32319.34
MinimumVisualStudioVersion = 10.0.40219.1
Project("{FAE04EC0-301F-11D3-BF4B-00C04F79EFBC}") = "Calculator", "Calculator\Calculator.csproj", "{A35AC2E0-69D0-4493-9991-774EFEA639AF}"
EndProject
Global
	GlobalSection(SolutionConfigurationPlatforms) = preSolution
		Debug|Any CPU = Debug|Any CPU
		Release|Any CPU = Release|Any CPU
	EndGlobalSection
	GlobalSection(ProjectConfigurationPlatforms) = postSolution
		{A35AC2E0-69D0-4493-9991-774EFEA639AF}.Debug|Any CPU.ActiveCfg = Debug|Any CPU
		{A35AC2E0-69D0-4493-9991-774EFEA639AF}.Debug|Any CPU.Build.0 = Debug|Any CPU
		{A35AC2E0-69D0-4493-9991-774EFEA639AF}.Release|Any CPU.ActiveCfg = Release|Any CPU
		{A35AC2E0-69D0-4493-9991-774EFEA639AF}.Release|Any CPU.Build.0 = Release|Any CPU
	EndGlobalSection
	GlobalSection(SolutionProperties) = preSolution
		HideSolutionNode = FALSE
	EndGlobalSection
	GlobalSection(ExtensibilityGlobals) = postSolution
		SolutionGuid = {BBDA971A-FBB9-4F86-B65E-18D3753ADBB5}
	EndGlobalSection
EndGlobal
